{
  "requires": true,
  "lockfileVersion": 1,
  "dependencies": {
    "npm-upgrage": {
      "version": "1.0.19",
      "resolved": "https://registry.npmjs.org/npm-upgrage/-/npm-upgrage-1.0.19.tgz",
      "integrity": "sha512-OCdvCUuYsytHbOxKaFCjtQH4iQEiAFtRaZXG2NtgNlwX63b+CtUdhuGHEszUrQLHtiZznv7/bO9sIepLanGMLQ=="
    }
  }
}
